
Microsoft Visual Studio Solution File, Format Version 12.00
# Visual Studio 15
VisualStudioVersion = 15.0.28010.2046
MinimumVisualStudioVersion = 10.0.40219.1
Project("{FAE04EC0-301F-11D3-BF4B-00C04F79EFBC}") = "Kelompok33.Android", "Kelompok33\Kelompok33.Android\Kelompok33.Android.csproj", "{07C03A69-ACD8-469D-9B2A-BBCB6B7A1599}"
EndProject
Project("{FAE04EC0-301F-11D3-BF4B-00C04F79EFBC}") = "Kelompok33.iOS", "Kelompok33\Kelompok33.iOS\Kelompok33.iOS.csproj", "{A3D07A21-6AB0-471A-9A3B-81E49F796464}"
EndProject
Project("{FAE04EC0-301F-11D3-BF4B-00C04F79EFBC}") = "Kelompok33.UWP", "Kelompok33\Kelompok33.UWP\Kelompok33.UWP.csproj", "{BE8E1232-4928-43C1-9050-780BF6D73B71}"
EndProject
Project("{FAE04EC0-301F-11D3-BF4B-00C04F79EFBC}") = "Kelompok33", "Kelompok33\Kelompok33\Kelompok33.csproj", "{4B29CD95-211E-45DD-9E5A-1767806DCE6C}"
EndProject
Global
	GlobalSection(SolutionConfigurationPlatforms) = preSolution
		Ad-Hoc|Any CPU = Ad-Hoc|Any CPU
		Ad-Hoc|ARM = Ad-Hoc|ARM
		Ad-Hoc|iPhone = Ad-Hoc|iPhone
		Ad-Hoc|iPhoneSimulator = Ad-Hoc|iPhoneSimulator
		Ad-Hoc|x64 = Ad-Hoc|x64
		Ad-Hoc|x86 = Ad-Hoc|x86
		AppStore|Any CPU = AppStore|Any CPU
		AppStore|ARM = AppStore|ARM
		AppStore|iPhone = AppStore|iPhone
		AppStore|iPhoneSimulator = AppStore|iPhoneSimulator
		AppStore|x64 = AppStore|x64
		AppStore|x86 = AppStore|x86
		Debug|Any CPU = Debug|Any CPU
		Debug|ARM = Debug|ARM
		Debug|iPhone = Debug|iPhone
		Debug|iPhoneSimulator = Debug|iPhoneSimulator
		Debug|x64 = Debug|x64
		Debug|x86 = Debug|x86
		Release|Any CPU = Release|Any CPU
		Release|ARM = Release|ARM
		Release|iPhone = Release|iPhone
		Release|iPhoneSimulator = Release|iPhoneSimulator
		Release|x64 = Release|x64
		Release|x86 = Release|x86
	EndGlobalSection
	GlobalSection(ProjectConfigurationPlatforms) = postSolution
		{07C03A69-ACD8-469D-9B2A-BBCB6B7A1599}.Ad-Hoc|Any CPU.ActiveCfg = Release|Any CPU
		{07C03A69-ACD8-469D-9B2A-BBCB6B7A1599}.Ad-Hoc|Any CPU.Build.0 = Release|Any CPU
		{07C03A69-ACD8-469D-9B2A-BBCB6B7A1599}.Ad-Hoc|Any CPU.Deploy.0 = Release|Any CPU
		{07C03A69-ACD8-469D-9B2A-BBCB6B7A1599}.Ad-Hoc|ARM.ActiveCfg = Release|Any CPU
		{07C03A69-ACD8-469D-9B2A-BBCB6B7A1599}.Ad-Hoc|ARM.Build.0 = Release|Any CPU
		{07C03A69-ACD8-469D-9B2A-BBCB6B7A1599}.Ad-Hoc|ARM.Deploy.0 = Release|Any CPU
		{07C03A69-ACD8-469D-9B2A-BBCB6B7A1599}.Ad-Hoc|iPhone.ActiveCfg = Release|Any CPU
		{07C03A69-ACD8-469D-9B2A-BBCB6B7A1599}.Ad-Hoc|iPhone.Build.0 = Release|Any CPU
		{07C03A69-ACD8-469D-9B2A-BBCB6B7A1599}.Ad-Hoc|iPhone.Deploy.0 = Release|Any CPU
		{07C03A69-ACD8-469D-9B2A-BBCB6B7A1599}.Ad-Hoc|iPhoneSimulator.ActiveCfg = Release|Any CPU
		{07C03A69-ACD8-469D-9B2A-BBCB6B7A1599}.Ad-Hoc|iPhoneSimulator.Build.0 = Release|Any CPU
		{07C03A69-ACD8-469D-9B2A-BBCB6B7A1599}.Ad-Hoc|iPhoneSimulator.Deploy.0 = Release|Any CPU
		{07C03A69-ACD8-469D-9B2A-BBCB6B7A1599}.Ad-Hoc|x64.ActiveCfg = Release|Any CPU
		{07C03A69-ACD8-469D-9B2A-BBCB6B7A1599}.Ad-Hoc|x64.Build.0 = Release|Any CPU
		{07C03A69-ACD8-469D-9B2A-BBCB6B7A1599}.Ad-Hoc|x64.Deploy.0 = Release|Any CPU
		{07C03A69-ACD8-469D-9B2A-BBCB6B7A1599}.Ad-Hoc|x86.ActiveCfg = Release|Any CPU
		{07C03A69-ACD8-469D-9B2A-BBCB6B7A1599}.Ad-Hoc|x86.Build.0 = Release|Any CPU
		{07C03A69-ACD8-469D-9B2A-BBCB6B7A1599}.Ad-Hoc|x86.Deploy.0 = Release|Any CPU
		{07C03A69-ACD8-469D-9B2A-BBCB6B7A1599}.AppStore|Any CPU.ActiveCfg = Release|Any CPU
		{07C03A69-ACD8-469D-9B2A-BBCB6B7A1599}.AppStore|Any CPU.Build.0 = Release|Any CPU
		{07C03A69-ACD8-469D-9B2A-BBCB6B7A1599}.AppStore|Any CPU.Deploy.0 = Release|Any CPU
		{07C03A69-ACD8-469D-9B2A-BBCB6B7A1599}.AppStore|ARM.ActiveCfg = Release|Any CPU
		{07C03A69-ACD8-469D-9B2A-BBCB6B7A1599}.AppStore|ARM.Build.0 = Release|Any CPU
		{07C03A69-ACD8-469D-9B2A-BBCB6B7A1599}.AppStore|ARM.Deploy.0 = Release|Any CPU
		{07C03A69-ACD8-469D-9B2A-BBCB6B7A1599}.AppStore|iPhone.ActiveCfg = Release|Any CPU
		{07C03A69-ACD8-469D-9B2A-BBCB6B7A1599}.AppStore|iPhone.Build.0 = Release|Any CPU
		{07C03A69-ACD8-469D-9B2A-BBCB6B7A1599}.AppStore|iPhone.Deploy.0 = Release|Any CPU
		{07C03A69-ACD8-469D-9B2A-BBCB6B7A1599}.AppStore|iPhoneSimulator.ActiveCfg = Release|Any CPU
		{07C03A69-ACD8-469D-9B2A-BBCB6B7A1599}.AppStore|iPhoneSimulator.Build.0 = Release|Any CPU
		{07C03A69-ACD8-469D-9B2A-BBCB6B7A1599}.AppStore|iPhoneSimulator.Deploy.0 = Release|Any CPU
		{07C03A69-ACD8-469D-9B2A-BBCB6B7A1599}.AppStore|x64.ActiveCfg = Release|Any CPU
		{07C03A69-ACD8-469D-9B2A-BBCB6B7A1599}.AppStore|x64.Build.0 = Release|Any CPU
		{07C03A69-ACD8-469D-9B2A-BBCB6B7A1599}.AppStore|x64.Deploy.0 = Release|Any CPU
		{07C03A69-ACD8-469D-9B2A-BBCB6B7A1599}.AppStore|x86.ActiveCfg = Release|Any CPU
		{07C03A69-ACD8-469D-9B2A-BBCB6B7A1599}.AppStore|x86.Build.0 = Release|Any CPU
		{07C03A69-ACD8-469D-9B2A-BBCB6B7A1599}.AppStore|x86.Deploy.0 = Release|Any CPU
		{07C03A69-ACD8-469D-9B2A-BBCB6B7A1599}.Debug|Any CPU.ActiveCfg = Debug|Any CPU
		{07C03A69-ACD8-469D-9B2A-BBCB6B7A1599}.Debug|Any CPU.Build.0 = Debug|Any CPU
		{07C03A69-ACD8-469D-9B2A-BBCB6B7A1599}.Debug|Any CPU.Deploy.0 = Debug|Any CPU
		{07C03A69-ACD8-469D-9B2A-BBCB6B7A1599}.Debug|ARM.ActiveCfg = Debug|Any CPU
		{07C03A69-ACD8-469D-9B2A-BBCB6B7A1599}.Debug|ARM.Build.0 = Debug|Any CPU
		{07C03A69-ACD8-469D-9B2A-BBCB6B7A1599}.Debug|ARM.Deploy.0 = Debug|Any CPU
		{07C03A69-ACD8-469D-9B2A-BBCB6B7A1599}.Debug|iPhone.ActiveCfg = Debug|Any CPU
		{07C03A69-ACD8-469D-9B2A-BBCB6B7A1599}.Debug|iPhone.Build.0 = Debug|Any CPU
		{07C03A69-ACD8-469D-9B2A-BBCB6B7A1599}.Debug|iPhone.Deploy.0 = Debug|Any CPU
		{07C03A69-ACD8-469D-9B2A-BBCB6B7A1599}.Debug|iPhoneSimulator.ActiveCfg = Debug|Any CPU
		{07C03A69-ACD8-469D-9B2A-BBCB6B7A1599}.Debug|iPhoneSimulator.Build.0 = Debug|Any CPU
		{07C03A69-ACD8-469D-9B2A-BBCB6B7A1599}.Debug|iPhoneSimulator.Deploy.0 = Debug|Any CPU
		{07C03A69-ACD8-469D-9B2A-BBCB6B7A1599}.Debug|x64.ActiveCfg = Debug|Any CPU
		{07C03A69-ACD8-469D-9B2A-BBCB6B7A1599}.Debug|x64.Build.0 = Debug|Any CPU
		{07C03A69-ACD8-469D-9B2A-BBCB6B7A1599}.Debug|x64.Deploy.0 = Debug|Any CPU
		{07C03A69-ACD8-469D-9B2A-BBCB6B7A1599}.Debug|x86.ActiveCfg = Debug|Any CPU
		{07C03A69-ACD8-469D-9B2A-BBCB6B7A1599}.Debug|x86.Build.0 = Debug|Any CPU
		{07C03A69-ACD8-469D-9B2A-BBCB6B7A1599}.Debug|x86.Deploy.0 = Debug|Any CPU
		{07C03A69-ACD8-469D-9B2A-BBCB6B7A1599}.Release|Any CPU.ActiveCfg = Release|Any CPU
		{07C03A69-ACD8-469D-9B2A-BBCB6B7A1599}.Release|Any CPU.Build.0 = Release|Any CPU
		{07C03A69-ACD8-469D-9B2A-BBCB6B7A1599}.Release|Any CPU.Deploy.0 = Release|Any CPU
		{07C03A69-ACD8-469D-9B2A-BBCB6B7A1599}.Release|ARM.ActiveCfg = Release|Any CPU
		{07C03A69-ACD8-469D-9B2A-BBCB6B7A1599}.Release|ARM.Build.0 = Release|Any CPU
		{07C03A69-ACD8-469D-9B2A-BBCB6B7A1599}.Release|ARM.Deploy.0 = Release|Any CPU
		{07C03A69-ACD8-469D-9B2A-BBCB6B7A1599}.Release|iPhone.ActiveCfg = Release|Any CPU
		{07C03A69-ACD8-469D-9B2A-BBCB6B7A1599}.Release|iPhone.Build.0 = Release|Any CPU
		{07C03A69-ACD8-469D-9B2A-BBCB6B7A1599}.Release|iPhone.Deploy.0 = Release|Any CPU
		{07C03A69-ACD8-469D-9B2A-BBCB6B7A1599}.Release|iPhoneSimulator.ActiveCfg = Release|Any CPU
		{07C03A69-ACD8-469D-9B2A-BBCB6B7A1599}.Release|iPhoneSimulator.Build.0 = Release|Any CPU
		{07C03A69-ACD8-469D-9B2A-BBCB6B7A1599}.Release|iPhoneSimulator.Deploy.0 = Release|Any CPU
		{07C03A69-ACD8-469D-9B2A-BBCB6B7A1599}.Release|x64.ActiveCfg = Release|Any CPU
		{07C03A69-ACD8-469D-9B2A-BBCB6B7A1599}.Release|x64.Build.0 = Release|Any CPU
		{07C03A69-ACD8-469D-9B2A-BBCB6B7A1599}.Release|x64.Deploy.0 = Release|Any CPU
		{07C03A69-ACD8-469D-9B2A-BBCB6B7A1599}.Release|x86.ActiveCfg = Release|Any CPU
		{07C03A69-ACD8-469D-9B2A-BBCB6B7A1599}.Release|x86.Build.0 = Release|Any CPU
		{07C03A69-ACD8-469D-9B2A-BBCB6B7A1599}.Release|x86.Deploy.0 = Release|Any CPU
		{A3D07A21-6AB0-471A-9A3B-81E49F796464}.Ad-Hoc|Any CPU.ActiveCfg = Ad-Hoc|iPhone
		{A3D07A21-6AB0-471A-9A3B-81E49F796464}.Ad-Hoc|Any CPU.Build.0 = Ad-Hoc|iPhone
		{A3D07A21-6AB0-471A-9A3B-81E49F796464}.Ad-Hoc|Any CPU.Deploy.0 = Ad-Hoc|iPhone
		{A3D07A21-6AB0-471A-9A3B-81E49F796464}.Ad-Hoc|ARM.ActiveCfg = Ad-Hoc|iPhone
		{A3D07A21-6AB0-471A-9A3B-81E49F796464}.Ad-Hoc|ARM.Build.0 = Ad-Hoc|iPhone
		{A3D07A21-6AB0-471A-9A3B-81E49F796464}.Ad-Hoc|ARM.Deploy.0 = Ad-Hoc|iPhone
		{A3D07A21-6AB0-471A-9A3B-81E49F796464}.Ad-Hoc|iPhone.ActiveCfg = Ad-Hoc|iPhone
		{A3D07A21-6AB0-471A-9A3B-81E49F796464}.Ad-Hoc|iPhone.Build.0 = Ad-Hoc|iPhone
		{A3D07A21-6AB0-471A-9A3B-81E49F796464}.Ad-Hoc|iPhone.Deploy.0 = Ad-Hoc|iPhone
		{A3D07A21-6AB0-471A-9A3B-81E49F796464}.Ad-Hoc|iPhoneSimulator.ActiveCfg = Ad-Hoc|iPhoneSimulator
		{A3D07A21-6AB0-471A-9A3B-81E49F796464}.Ad-Hoc|iPhoneSimulator.Build.0 = Ad-Hoc|iPhoneSimulator
		{A3D07A21-6AB0-471A-9A3B-81E49F796464}.Ad-Hoc|iPhoneSimulator.Deploy.0 = Ad-Hoc|iPhoneSimulator
		{A3D07A21-6AB0-471A-9A3B-81E49F796464}.Ad-Hoc|x64.ActiveCfg = Ad-Hoc|iPhone
		{A3D07A21-6AB0-471A-9A3B-81E49F796464}.Ad-Hoc|x64.Build.0 = Ad-Hoc|iPhone
		{A3D07A21-6AB0-471A-9A3B-81E49F796464}.Ad-Hoc|x64.Deploy.0 = Ad-Hoc|iPhone
		{A3D07A21-6AB0-471A-9A3B-81E49F796464}.Ad-Hoc|x86.ActiveCfg = Ad-Hoc|iPhone
		{A3D07A21-6AB0-471A-9A3B-81E49F796464}.Ad-Hoc|x86.Build.0 = Ad-Hoc|iPhone
		{A3D07A21-6AB0-471A-9A3B-81E49F796464}.Ad-Hoc|x86.Deploy.0 = Ad-Hoc|iPhone
		{A3D07A21-6AB0-471A-9A3B-81E49F796464}.AppStore|Any CPU.ActiveCfg = AppStore|iPhone
		{A3D07A21-6AB0-471A-9A3B-81E49F796464}.AppStore|Any CPU.Build.0 = AppStore|iPhone
		{A3D07A21-6AB0-471A-9A3B-81E49F796464}.AppStore|Any CPU.Deploy.0 = AppStore|iPhone
		{A3D07A21-6AB0-471A-9A3B-81E49F796464}.AppStore|ARM.ActiveCfg = AppStore|iPhone
		{A3D07A21-6AB0-471A-9A3B-81E49F796464}.AppStore|ARM.Build.0 = AppStore|iPhone
		{A3D07A21-6AB0-471A-9A3B-81E49F796464}.AppStore|ARM.Deploy.0 = AppStore|iPhone
		{A3D07A21-6AB0-471A-9A3B-81E49F796464}.AppStore|iPhone.ActiveCfg = AppStore|iPhone
		{A3D07A21-6AB0-471A-9A3B-81E49F796464}.AppStore|iPhone.Build.0 = AppStore|iPhone
		{A3D07A21-6AB0-471A-9A3B-81E49F796464}.AppStore|iPhone.Deploy.0 = AppStore|iPhone
		{A3D07A21-6AB0-471A-9A3B-81E49F796464}.AppStore|iPhoneSimulator.ActiveCfg = AppStore|iPhoneSimulator
		{A3D07A21-6AB0-471A-9A3B-81E49F796464}.AppStore|iPhoneSimulator.Build.0 = AppStore|iPhoneSimulator
		{A3D07A21-6AB0-471A-9A3B-81E49F796464}.AppStore|iPhoneSimulator.Deploy.0 = AppStore|iPhoneSimulator
		{A3D07A21-6AB0-471A-9A3B-81E49F796464}.AppStore|x64.ActiveCfg = AppStore|iPhone
		{A3D07A21-6AB0-471A-9A3B-81E49F796464}.AppStore|x64.Build.0 = AppStore|iPhone
		{A3D07A21-6AB0-471A-9A3B-81E49F796464}.AppStore|x64.Deploy.0 = AppStore|iPhone
		{A3D07A21-6AB0-471A-9A3B-81E49F796464}.AppStore|x86.ActiveCfg = AppStore|iPhone
		{A3D07A21-6AB0-471A-9A3B-81E49F796464}.AppStore|x86.Build.0 = AppStore|iPhone
		{A3D07A21-6AB0-471A-9A3B-81E49F796464}.AppStore|x86.Deploy.0 = AppStore|iPhone
		{A3D07A21-6AB0-471A-9A3B-81E49F796464}.Debug|Any CPU.ActiveCfg = Debug|iPhoneSimulator
		{A3D07A21-6AB0-471A-9A3B-81E49F796464}.Debug|Any CPU.Build.0 = Debug|iPhoneSimulator
		{A3D07A21-6AB0-471A-9A3B-81E49F796464}.Debug|Any CPU.Deploy.0 = Debug|iPhoneSimulator
		{A3D07A21-6AB0-471A-9A3B-81E49F796464}.Debug|ARM.ActiveCfg = Debug|iPhone
		{A3D07A21-6AB0-471A-9A3B-81E49F796464}.Debug|ARM.Build.0 = Debug|iPhone
		{A3D07A21-6AB0-471A-9A3B-81E49F796464}.Debug|ARM.Deploy.0 = Debug|iPhone
		{A3D07A21-6AB0-471A-9A3B-81E49F796464}.Debug|iPhone.ActiveCfg = Debug|iPhone
		{A3D07A21-6AB0-471A-9A3B-81E49F796464}.Debug|iPhone.Build.0 = Debug|iPhone
		{A3D07A21-6AB0-471A-9A3B-81E49F796464}.Debug|iPhone.Deploy.0 = Debug|iPhone
		{A3D07A21-6AB0-471A-9A3B-81E49F796464}.Debug|iPhoneSimulator.ActiveCfg = Debug|iPhoneSimulator
		{A3D07A21-6AB0-471A-9A3B-81E49F796464}.Debug|iPhoneSimulator.Build.0 = Debug|iPhoneSimulator
		{A3D07A21-6AB0-471A-9A3B-81E49F796464}.Debug|iPhoneSimulator.Deploy.0 = Debug|iPhoneSimulator
		{A3D07A21-6AB0-471A-9A3B-81E49F796464}.Debug|x64.ActiveCfg = Debug|iPhone
		{A3D07A21-6AB0-471A-9A3B-81E49F796464}.Debug|x64.Build.0 = Debug|iPhone
		{A3D07A21-6AB0-471A-9A3B-81E49F796464}.Debug|x64.Deploy.0 = Debug|iPhone
		{A3D07A21-6AB0-471A-9A3B-81E49F796464}.Debug|x86.ActiveCfg = Debug|iPhone
		{A3D07A21-6AB0-471A-9A3B-81E49F796464}.Debug|x86.Build.0 = Debug|iPhone
		{A3D07A21-6AB0-471A-9A3B-81E49F796464}.Debug|x86.Deploy.0 = Debug|iPhone
		{A3D07A21-6AB0-471A-9A3B-81E49F796464}.Release|Any CPU.ActiveCfg = Release|iPhone
		{A3D07A21-6AB0-471A-9A3B-81E49F796464}.Release|Any CPU.Build.0 = Release|iPhone
		{A3D07A21-6AB0-471A-9A3B-81E49F796464}.Release|Any CPU.Deploy.0 = Release|iPhone
		{A3D07A21-6AB0-471A-9A3B-81E49F796464}.Release|ARM.ActiveCfg = Release|iPhone
		{A3D07A21-6AB0-471A-9A3B-81E49F796464}.Release|ARM.Build.0 = Release|iPhone
		{A3D07A21-6AB0-471A-9A3B-81E49F796464}.Release|ARM.Deploy.0 = Release|iPhone
		{A3D07A21-6AB0-471A-9A3B-81E49F796464}.Release|iPhone.ActiveCfg = Release|iPhone
		{A3D07A21-6AB0-471A-9A3B-81E49F796464}.Release|iPhone.Build.0 = Release|iPhone
		{A3D07A21-6AB0-471A-9A3B-81E49F796464}.Release|iPhone.Deploy.0 = Release|iPhone
		{A3D07A21-6AB0-471A-9A3B-81E49F796464}.Release|iPhoneSimulator.ActiveCfg = Release|iPhoneSimulator
		{A3D07A21-6AB0-471A-9A3B-81E49F796464}.Release|iPhoneSimulator.Build.0 = Release|iPhoneSimulator
		{A3D07A21-6AB0-471A-9A3B-81E49F796464}.Release|iPhoneSimulator.Deploy.0 = Release|iPhoneSimulator
		{A3D07A21-6AB0-471A-9A3B-81E49F796464}.Release|x64.ActiveCfg = Release|iPhone
		{A3D07A21-6AB0-471A-9A3B-81E49F796464}.Release|x64.Build.0 = Release|iPhone
		{A3D07A21-6AB0-471A-9A3B-81E49F796464}.Release|x64.Deploy.0 = Release|iPhone
		{A3D07A21-6AB0-471A-9A3B-81E49F796464}.Release|x86.ActiveCfg = Release|iPhone
		{A3D07A21-6AB0-471A-9A3B-81E49F796464}.Release|x86.Build.0 = Release|iPhone
		{A3D07A21-6AB0-471A-9A3B-81E49F796464}.Release|x86.Deploy.0 = Release|iPhone
		{BE8E1232-4928-43C1-9050-780BF6D73B71}.Ad-Hoc|Any CPU.ActiveCfg = Release|x86
		{BE8E1232-4928-43C1-9050-780BF6D73B71}.Ad-Hoc|Any CPU.Build.0 = Release|x86
		{BE8E1232-4928-43C1-9050-780BF6D73B71}.Ad-Hoc|Any CPU.Deploy.0 = Release|x86
		{BE8E1232-4928-43C1-9050-780BF6D73B71}.Ad-Hoc|ARM.ActiveCfg = Release|ARM
		{BE8E1232-4928-43C1-9050-780BF6D73B71}.Ad-Hoc|ARM.Build.0 = Release|ARM
		{BE8E1232-4928-43C1-9050-780BF6D73B71}.Ad-Hoc|ARM.Deploy.0 = Release|ARM
		{BE8E1232-4928-43C1-9050-780BF6D73B71}.Ad-Hoc|iPhone.ActiveCfg = Release|x86
		{BE8E1232-4928-43C1-9050-780BF6D73B71}.Ad-Hoc|iPhone.Build.0 = Release|x86
		{BE8E1232-4928-43C1-9050-780BF6D73B71}.Ad-Hoc|iPhone.Deploy.0 = Release|x86
		{BE8E1232-4928-43C1-9050-780BF6D73B71}.Ad-Hoc|iPhoneSimulator.ActiveCfg = Release|x86
		{BE8E1232-4928-43C1-9050-780BF6D73B71}.Ad-Hoc|iPhoneSimulator.Build.0 = Release|x86
		{BE8E1232-4928-43C1-9050-780BF6D73B71}.Ad-Hoc|iPhoneSimulator.Deploy.0 = Release|x86
		{BE8E1232-4928-43C1-9050-780BF6D73B71}.Ad-Hoc|x64.ActiveCfg = Release|x64
		{BE8E1232-4928-43C1-9050-780BF6D73B71}.Ad-Hoc|x64.Build.0 = Release|x64
		{BE8E1232-4928-43C1-9050-780BF6D73B71}.Ad-Hoc|x64.Deploy.0 = Release|x64
		{BE8E1232-4928-43C1-9050-780BF6D73B71}.Ad-Hoc|x86.ActiveCfg = Release|x86
		{BE8E1232-4928-43C1-9050-780BF6D73B71}.Ad-Hoc|x86.Build.0 = Release|x86
		{BE8E1232-4928-43C1-9050-780BF6D73B71}.Ad-Hoc|x86.Deploy.0 = Release|x86
		{BE8E1232-4928-43C1-9050-780BF6D73B71}.AppStore|Any CPU.ActiveCfg = Release|x86
		{BE8E1232-4928-43C1-9050-780BF6D73B71}.AppStore|Any CPU.Build.0 = Release|x86
		{BE8E1232-4928-43C1-9050-780BF6D73B71}.AppStore|Any CPU.Deploy.0 = Release|x86
		{BE8E1232-4928-43C1-9050-780BF6D73B71}.AppStore|ARM.ActiveCfg = Release|ARM
		{BE8E1232-4928-43C1-9050-780BF6D73B71}.AppStore|ARM.Build.0 = Release|ARM
		{BE8E1232-4928-43C1-9050-780BF6D73B71}.AppStore|ARM.Deploy.0 = Release|ARM
		{BE8E1232-4928-43C1-9050-780BF6D73B71}.AppStore|iPhone.ActiveCfg = Release|x86
		{BE8E1232-4928-43C1-9050-780BF6D73B71}.AppStore|iPhone.Build.0 = Release|x86
		{BE8E1232-4928-43C1-9050-780BF6D73B71}.AppStore|iPhone.Deploy.0 = Release|x86
		{BE8E1232-4928-43C1-9050-780BF6D73B71}.AppStore|iPhoneSimulator.ActiveCfg = Release|x86
		{BE8E1232-4928-43C1-9050-780BF6D73B71}.AppStore|iPhoneSimulator.Build.0 = Release|x86
		{BE8E1232-4928-43C1-9050-780BF6D73B71}.AppStore|iPhoneSimulator.Deploy.0 = Release|x86
		{BE8E1232-4928-43C1-9050-780BF6D73B71}.AppStore|x64.ActiveCfg = Release|x64
		{BE8E1232-4928-43C1-9050-780BF6D73B71}.AppStore|x64.Build.0 = Release|x64
		{BE8E1232-4928-43C1-9050-780BF6D73B71}.AppStore|x64.Deploy.0 = Release|x64
		{BE8E1232-4928-43C1-9050-780BF6D73B71}.AppStore|x86.ActiveCfg = Release|x86
		{BE8E1232-4928-43C1-9050-780BF6D73B71}.AppStore|x86.Build.0 = Release|x86
		{BE8E1232-4928-43C1-9050-780BF6D73B71}.AppStore|x86.Deploy.0 = Release|x86
		{BE8E1232-4928-43C1-9050-780BF6D73B71}.Debug|Any CPU.ActiveCfg = Debug|x86
		{BE8E1232-4928-43C1-9050-780BF6D73B71}.Debug|Any CPU.Build.0 = Debug|x86
		{BE8E1232-4928-43C1-9050-780BF6D73B71}.Debug|Any CPU.Deploy.0 = Debug|x86
		{BE8E1232-4928-43C1-9050-780BF6D73B71}.Debug|ARM.ActiveCfg = Debug|ARM
		{BE8E1232-4928-43C1-9050-780BF6D73B71}.Debug|ARM.Build.0 = Debug|ARM
		{BE8E1232-4928-43C1-9050-780BF6D73B71}.Debug|ARM.Deploy.0 = Debug|ARM
		{BE8E1232-4928-43C1-9050-780BF6D73B71}.Debug|iPhone.ActiveCfg = Debug|x86
		{BE8E1232-4928-43C1-9050-780BF6D73B71}.Debug|iPhone.Build.0 = Debug|x86
		{BE8E1232-4928-43C1-9050-780BF6D73B71}.Debug|iPhone.Deploy.0 = Debug|x86
		{BE8E1232-4928-43C1-9050-780BF6D73B71}.Debug|iPhoneSimulator.ActiveCfg = Debug|x86
		{BE8E1232-4928-43C1-9050-780BF6D73B71}.Debug|iPhoneSimulator.Build.0 = Debug|x86
		{BE8E1232-4928-43C1-9050-780BF6D73B71}.Debug|iPhoneSimulator.Deploy.0 = Debug|x86
		{BE8E1232-4928-43C1-9050-780BF6D73B71}.Debug|x64.ActiveCfg = Debug|x64
		{BE8E1232-4928-43C1-9050-780BF6D73B71}.Debug|x64.Build.0 = Debug|x64
		{BE8E1232-4928-43C1-9050-780BF6D73B71}.Debug|x64.Deploy.0 = Debug|x64
		{BE8E1232-4928-43C1-9050-780BF6D73B71}.Debug|x86.ActiveCfg = Debug|x86
		{BE8E1232-4928-43C1-9050-780BF6D73B71}.Debug|x86.Build.0 = Debug|x86
		{BE8E1232-4928-43C1-9050-780BF6D73B71}.Debug|x86.Deploy.0 = Debug|x86
		{BE8E1232-4928-43C1-9050-780BF6D73B71}.Release|Any CPU.ActiveCfg = Release|x86
		{BE8E1232-4928-43C1-9050-780BF6D73B71}.Release|Any CPU.Build.0 = Release|x86
		{BE8E1232-4928-43C1-9050-780BF6D73B71}.Release|Any CPU.Deploy.0 = Release|x86
		{BE8E1232-4928-43C1-9050-780BF6D73B71}.Release|ARM.ActiveCfg = Release|ARM
		{BE8E1232-4928-43C1-9050-780BF6D73B71}.Release|ARM.Build.0 = Release|ARM
		{BE8E1232-4928-43C1-9050-780BF6D73B71}.Release|ARM.Deploy.0 = Release|ARM
		{BE8E1232-4928-43C1-9050-780BF6D73B71}.Release|iPhone.ActiveCfg = Release|x86
		{BE8E1232-4928-43C1-9050-780BF6D73B71}.Release|iPhone.Build.0 = Release|x86
		{BE8E1232-4928-43C1-9050-780BF6D73B71}.Release|iPhone.Deploy.0 = Release|x86
		{BE8E1232-4928-43C1-9050-780BF6D73B71}.Release|iPhoneSimulator.ActiveCfg = Release|x86
		{BE8E1232-4928-43C1-9050-780BF6D73B71}.Release|iPhoneSimulator.Build.0 = Release|x86
		{BE8E1232-4928-43C1-9050-780BF6D73B71}.Release|iPhoneSimulator.Deploy.0 = Release|x86
		{BE8E1232-4928-43C1-9050-780BF6D73B71}.Release|x64.ActiveCfg = Release|x64
		{BE8E1232-4928-43C1-9050-780BF6D73B71}.Release|x64.Build.0 = Release|x64
		{BE8E1232-4928-43C1-9050-780BF6D73B71}.Release|x64.Deploy.0 = Release|x64
		{BE8E1232-4928-43C1-9050-780BF6D73B71}.Release|x86.ActiveCfg = Release|x86
		{BE8E1232-4928-43C1-9050-780BF6D73B71}.Release|x86.Build.0 = Release|x86
		{BE8E1232-4928-43C1-9050-780BF6D73B71}.Release|x86.Deploy.0 = Release|x86
		{4B29CD95-211E-45DD-9E5A-1767806DCE6C}.Ad-Hoc|Any CPU.ActiveCfg = Debug|Any CPU
		{4B29CD95-211E-45DD-9E5A-1767806DCE6C}.Ad-Hoc|Any CPU.Build.0 = Debug|Any CPU
		{4B29CD95-211E-45DD-9E5A-1767806DCE6C}.Ad-Hoc|Any CPU.Deploy.0 = Debug|Any CPU
		{4B29CD95-211E-45DD-9E5A-1767806DCE6C}.Ad-Hoc|ARM.ActiveCfg = Debug|Any CPU
		{4B29CD95-211E-45DD-9E5A-1767806DCE6C}.Ad-Hoc|ARM.Build.0 = Debug|Any CPU
		{4B29CD95-211E-45DD-9E5A-1767806DCE6C}.Ad-Hoc|ARM.Deploy.0 = Debug|Any CPU
		{4B29CD95-211E-45DD-9E5A-1767806DCE6C}.Ad-Hoc|iPhone.ActiveCfg = Debug|Any CPU
		{4B29CD95-211E-45DD-9E5A-1767806DCE6C}.Ad-Hoc|iPhone.Build.0 = Debug|Any CPU
		{4B29CD95-211E-45DD-9E5A-1767806DCE6C}.Ad-Hoc|iPhone.Deploy.0 = Debug|Any CPU
		{4B29CD95-211E-45DD-9E5A-1767806DCE6C}.Ad-Hoc|iPhoneSimulator.ActiveCfg = Debug|Any CPU
		{4B29CD95-211E-45DD-9E5A-1767806DCE6C}.Ad-Hoc|iPhoneSimulator.Build.0 = Debug|Any CPU
		{4B29CD95-211E-45DD-9E5A-1767806DCE6C}.Ad-Hoc|iPhoneSimulator.Deploy.0 = Debug|Any CPU
		{4B29CD95-211E-45DD-9E5A-1767806DCE6C}.Ad-Hoc|x64.ActiveCfg = Debug|Any CPU
		{4B29CD95-211E-45DD-9E5A-1767806DCE6C}.Ad-Hoc|x64.Build.0 = Debug|Any CPU
		{4B29CD95-211E-45DD-9E5A-1767806DCE6C}.Ad-Hoc|x64.Deploy.0 = Debug|Any CPU
		{4B29CD95-211E-45DD-9E5A-1767806DCE6C}.Ad-Hoc|x86.ActiveCfg = Debug|Any CPU
		{4B29CD95-211E-45DD-9E5A-1767806DCE6C}.Ad-Hoc|x86.Build.0 = Debug|Any CPU
		{4B29CD95-211E-45DD-9E5A-1767806DCE6C}.Ad-Hoc|x86.Deploy.0 = Debug|Any CPU
		{4B29CD95-211E-45DD-9E5A-1767806DCE6C}.AppStore|Any CPU.ActiveCfg = Debug|Any CPU
		{4B29CD95-211E-45DD-9E5A-1767806DCE6C}.AppStore|Any CPU.Build.0 = Debug|Any CPU
		{4B29CD95-211E-45DD-9E5A-1767806DCE6C}.AppStore|Any CPU.Deploy.0 = Debug|Any CPU
		{4B29CD95-211E-45DD-9E5A-1767806DCE6C}.AppStore|ARM.ActiveCfg = Debug|Any CPU
		{4B29CD95-211E-45DD-9E5A-1767806DCE6C}.AppStore|ARM.Build.0 = Debug|Any CPU
		{4B29CD95-211E-45DD-9E5A-1767806DCE6C}.AppStore|ARM.Deploy.0 = Debug|Any CPU
		{4B29CD95-211E-45DD-9E5A-1767806DCE6C}.AppStore|iPhone.ActiveCfg = Debug|Any CPU
		{4B29CD95-211E-45DD-9E5A-1767806DCE6C}.AppStore|iPhone.Build.0 = Debug|Any CPU
		{4B29CD95-211E-45DD-9E5A-1767806DCE6C}.AppStore|iPhone.Deploy.0 = Debug|Any CPU
		{4B29CD95-211E-45DD-9E5A-1767806DCE6C}.AppStore|iPhoneSimulator.ActiveCfg = Debug|Any CPU
		{4B29CD95-211E-45DD-9E5A-1767806DCE6C}.AppStore|iPhoneSimulator.Build.0 = Debug|Any CPU
		{4B29CD95-211E-45DD-9E5A-1767806DCE6C}.AppStore|iPhoneSimulator.Deploy.0 = Debug|Any CPU
		{4B29CD95-211E-45DD-9E5A-1767806DCE6C}.AppStore|x64.ActiveCfg = Debug|Any CPU
		{4B29CD95-211E-45DD-9E5A-1767806DCE6C}.AppStore|x64.Build.0 = Debug|Any CPU
		{4B29CD95-211E-45DD-9E5A-1767806DCE6C}.AppStore|x64.Deploy.0 = Debug|Any CPU
		{4B29CD95-211E-45DD-9E5A-1767806DCE6C}.AppStore|x86.ActiveCfg = Debug|Any CPU
		{4B29CD95-211E-45DD-9E5A-1767806DCE6C}.AppStore|x86.Build.0 = Debug|Any CPU
		{4B29CD95-211E-45DD-9E5A-1767806DCE6C}.AppStore|x86.Deploy.0 = Debug|Any CPU
		{4B29CD95-211E-45DD-9E5A-1767806DCE6C}.Debug|Any CPU.ActiveCfg = Debug|Any CPU
		{4B29CD95-211E-45DD-9E5A-1767806DCE6C}.Debug|Any CPU.Build.0 = Debug|Any CPU
		{4B29CD95-211E-45DD-9E5A-1767806DCE6C}.Debug|Any CPU.Deploy.0 = Debug|Any CPU
		{4B29CD95-211E-45DD-9E5A-1767806DCE6C}.Debug|ARM.ActiveCfg = Debug|Any CPU
		{4B29CD95-211E-45DD-9E5A-1767806DCE6C}.Debug|ARM.Build.0 = Debug|Any CPU
		{4B29CD95-211E-45DD-9E5A-1767806DCE6C}.Debug|ARM.Deploy.0 = Debug|Any CPU
		{4B29CD95-211E-45DD-9E5A-1767806DCE6C}.Debug|iPhone.ActiveCfg = Debug|Any CPU
		{4B29CD95-211E-45DD-9E5A-1767806DCE6C}.Debug|iPhone.Build.0 = Debug|Any CPU
		{4B29CD95-211E-45DD-9E5A-1767806DCE6C}.Debug|iPhone.Deploy.0 = Debug|Any CPU
		{4B29CD95-211E-45DD-9E5A-1767806DCE6C}.Debug|iPhoneSimulator.ActiveCfg = Debug|Any CPU
		{4B29CD95-211E-45DD-9E5A-1767806DCE6C}.Debug|iPhoneSimulator.Build.0 = Debug|Any CPU
		{4B29CD95-211E-45DD-9E5A-1767806DCE6C}.Debug|iPhoneSimulator.Deploy.0 = Debug|Any CPU
		{4B29CD95-211E-45DD-9E5A-1767806DCE6C}.Debug|x64.ActiveCfg = Debug|Any CPU
		{4B29CD95-211E-45DD-9E5A-1767806DCE6C}.Debug|x64.Build.0 = Debug|Any CPU
		{4B29CD95-211E-45DD-9E5A-1767806DCE6C}.Debug|x64.Deploy.0 = Debug|Any CPU
		{4B29CD95-211E-45DD-9E5A-1767806DCE6C}.Debug|x86.ActiveCfg = Debug|Any CPU
		{4B29CD95-211E-45DD-9E5A-1767806DCE6C}.Debug|x86.Build.0 = Debug|Any CPU
		{4B29CD95-211E-45DD-9E5A-1767806DCE6C}.Debug|x86.Deploy.0 = Debug|Any CPU
		{4B29CD95-211E-45DD-9E5A-1767806DCE6C}.Release|Any CPU.ActiveCfg = Release|Any CPU
		{4B29CD95-211E-45DD-9E5A-1767806DCE6C}.Release|Any CPU.Build.0 = Release|Any CPU
		{4B29CD95-211E-45DD-9E5A-1767806DCE6C}.Release|Any CPU.Deploy.0 = Release|Any CPU
		{4B29CD95-211E-45DD-9E5A-1767806DCE6C}.Release|ARM.ActiveCfg = Release|Any CPU
		{4B29CD95-211E-45DD-9E5A-1767806DCE6C}.Release|ARM.Build.0 = Release|Any CPU
		{4B29CD95-211E-45DD-9E5A-1767806DCE6C}.Release|ARM.Deploy.0 = Release|Any CPU
		{4B29CD95-211E-45DD-9E5A-1767806DCE6C}.Release|iPhone.ActiveCfg = Release|Any CPU
		{4B29CD95-211E-45DD-9E5A-1767806DCE6C}.Release|iPhone.Build.0 = Release|Any CPU
		{4B29CD95-211E-45DD-9E5A-1767806DCE6C}.Release|iPhone.Deploy.0 = Release|Any CPU
		{4B29CD95-211E-45DD-9E5A-1767806DCE6C}.Release|iPhoneSimulator.ActiveCfg = Release|Any CPU
		{4B29CD95-211E-45DD-9E5A-1767806DCE6C}.Release|iPhoneSimulator.Build.0 = Release|Any CPU
		{4B29CD95-211E-45DD-9E5A-1767806DCE6C}.Release|iPhoneSimulator.Deploy.0 = Release|Any CPU
		{4B29CD95-211E-45DD-9E5A-1767806DCE6C}.Release|x64.ActiveCfg = Release|Any CPU
		{4B29CD95-211E-45DD-9E5A-1767806DCE6C}.Release|x64.Build.0 = Release|Any CPU
		{4B29CD95-211E-45DD-9E5A-1767806DCE6C}.Release|x64.Deploy.0 = Release|Any CPU
		{4B29CD95-211E-45DD-9E5A-1767806DCE6C}.Release|x86.ActiveCfg = Release|Any CPU
		{4B29CD95-211E-45DD-9E5A-1767806DCE6C}.Release|x86.Build.0 = Release|Any CPU
		{4B29CD95-211E-45DD-9E5A-1767806DCE6C}.Release|x86.Deploy.0 = Release|Any CPU
	EndGlobalSection
	GlobalSection(SolutionProperties) = preSolution
		HideSolutionNode = FALSE
	EndGlobalSection
	GlobalSection(ExtensibilityGlobals) = postSolution
		SolutionGuid = {3425C288-6840-4CD5-8927-7FBA8F99E3BC}
	EndGlobalSection
EndGlobal
